// !$*UTF8*$!
{
	archiveVersion = 1;
	classes = {
	};
	objectVersion = 56;
	objects = {

/* Begin PBXBuildFile section */
		1DE162932A475FEA00AE4CCD /* AnimalSound.swift in Sources */ = {isa = PBXBuildFile; fileRef = 1DE162922A475FEA00AE4CCD /* AnimalSound.swift */; };
		1DE162952A47602400AE4CCD /* AnimalCellModel.swift in Sources */ = {isa = PBXBuildFile; fileRef = 1DE162942A47602400AE4CCD /* AnimalCellModel.swift */; };
		1DE162972A4760B100AE4CCD /* SoundManager.swift in Sources */ = {isa = PBXBuildFile; fileRef = 1DE162962A4760B100AE4CCD /* SoundManager.swift */; };
		1DFA3F632A39D886000661AF /* AppDelegate.swift in Sources */ = {isa = PBXBuildFile; fileRef = 1DFA3F622A39D886000661AF /* AppDelegate.swift */; };
		1DFA3F652A39D886000661AF /* SceneDelegate.swift in Sources */ = {isa = PBXBuildFile; fileRef = 1DFA3F642A39D886000661AF /* SceneDelegate.swift */; };
		1DFA3F672A39D886000661AF /* ViewController.swift in Sources */ = {isa = PBXBuildFile; fileRef = 1DFA3F662A39D886000661AF /* ViewController.swift */; };
		1DFA3F6C2A39D887000661AF /* Assets.xcassets in Resources */ = {isa = PBXBuildFile; fileRef = 1DFA3F6B2A39D887000661AF /* Assets.xcassets */; };
		1DFA3F6F2A39D887000661AF /* LaunchScreen.storyboard in Resources */ = {isa = PBXBuildFile; fileRef = 1DFA3F6D2A39D887000661AF /* LaunchScreen.storyboard */; };
		1DFA3F7A2A39D888000661AF /* AnimalSoundboardTests.swift in Sources */ = {isa = PBXBuildFile; fileRef = 1DFA3F792A39D888000661AF /* AnimalSoundboardTests.swift */; };
		1DFA3F842A39D888000661AF /* AnimalSoundboardUITests.swift in Sources */ = {isa = PBXBuildFile; fileRef = 1DFA3F832A39D888000661AF /* AnimalSoundboardUITests.swift */; };
		1DFA3F862A39D888000661AF /* AnimalSoundboardUITestsLaunchTests.swift in Sources */ = {isa = PBXBuildFile; fileRef = 1DFA3F852A39D888000661AF /* AnimalSoundboardUITestsLaunchTests.swift */; };
/* End PBXBuildFile section */

/* Begin PBXContainerItemProxy section */
		1DFA3F762A39D888000661AF /* PBXContainerItemProxy */ = {
			isa = PBXContainerItemProxy;
			containerPortal = 1DFA3F572A39D886000661AF /* Project object */;
			proxyType = 1;
			remoteGlobalIDString = 1DFA3F5E2A39D886000661AF;
			remoteInfo = AnimalSoundboard;
		};
		1DFA3F802A39D888000661AF /* PBXContainerItemProxy */ = {
			isa = PBXContainerItemProxy;
			containerPortal = 1DFA3F572A39D886000661AF /* Project object */;
			proxyType = 1;
			remoteGlobalIDString = 1DFA3F5E2A39D886000661AF;
			remoteInfo = AnimalSoundboard;
		};
/* End PBXContainerItemProxy section */

/* Begin PBXFileReference section */
		1DE162922A475FEA00AE4CCD /* AnimalSound.swift */ = {isa = PBXFileReference; lastKnownFileType = sourcecode.swift; path = AnimalSound.swift; sourceTree = "<group>"; };
		1DE162942A47602400AE4CCD /* AnimalCellModel.swift */ = {isa = PBXFileReference; lastKnownFileType = sourcecode.swift; path = AnimalCellModel.swift; sourceTree = "<group>"; };
		1DE162962A4760B100AE4CCD /* SoundManager.swift */ = {isa = PBXFileReference; lastKnownFileType = sourcecode.swift; path = SoundManager.swift; sourceTree = "<group>"; };
		1DFA3F5F2A39D886000661AF /* AnimalSoundboard.app */ = {isa = PBXFileReference; explicitFileType = wrapper.application; includeInIndex = 0; path = AnimalSoundboard.app; sourceTree = BUILT_PRODUCTS_DIR; };
		1DFA3F622A39D886000661AF /* AppDelegate.swift */ = {isa = PBXFileReference; lastKnownFileType = sourcecode.swift; path = AppDelegate.swift; sourceTree = "<group>"; };
		1DFA3F642A39D886000661AF /* SceneDelegate.swift */ = {isa = PBXFileReference; lastKnownFileType = sourcecode.swift; path = SceneDelegate.swift; sourceTree = "<group>"; };
		1DFA3F662A39D886000661AF /* ViewController.swift */ = {isa = PBXFileReference; lastKnownFileType = sourcecode.swift; path = ViewController.swift; sourceTree = "<group>"; };
		1DFA3F6B2A39D887000661AF /* Assets.xcassets */ = {isa = PBXFileReference; lastKnownFileType = folder.assetcatalog; path = Assets.xcassets; sourceTree = "<group>"; };
		1DFA3F6E2A39D887000661AF /* Base */ = {isa = PBXFileReference; lastKnownFileType = file.storyboard; name = Base; path = Base.lproj/LaunchScreen.storyboard; sourceTree = "<group>"; };
		1DFA3F702A39D887000661AF /* Info.plist */ = {isa = PBXFileReference; lastKnownFileType = text.plist.xml; path = Info.plist; sourceTree = "<group>"; };
		1DFA3F752A39D888000661AF /* AnimalSoundboardTests.xctest */ = {isa = PBXFileReference; explicitFileType = wrapper.cfbundle; includeInIndex = 0; path = AnimalSoundboardTests.xctest; sourceTree = BUILT_PRODUCTS_DIR; };
		1DFA3F792A39D888000661AF /* AnimalSoundboardTests.swift */ = {isa = PBXFileReference; lastKnownFileType = sourcecode.swift; path = AnimalSoundboardTests.swift; sourceTree = "<group>"; };
		1DFA3F7F2A39D888000661AF /* AnimalSoundboardUITests.xctest */ = {isa = PBXFileReference; explicitFileType = wrapper.cfbundle; includeInIndex = 0; path = AnimalSoundboardUITests.xctest; sourceTree = BUILT_PRODUCTS_DIR; };
		1DFA3F832A39D888000661AF /* AnimalSoundboardUITests.swift */ = {isa = PBXFileReference; lastKnownFileType = sourcecode.swift; path = AnimalSoundboardUITests.swift; sourceTree = "<group>"; };
		1DFA3F852A39D888000661AF /* AnimalSoundboardUITestsLaunchTests.swift */ = {isa = PBXFileReference; lastKnownFileType = sourcecode.swift; path = AnimalSoundboardUITestsLaunchTests.swift; sourceTree = "<group>"; };
/* End PBXFileReference section */

/* Begin PBXFrameworksBuildPhase section */
		1DFA3F5C2A39D886000661AF /* Frameworks */ = {
			isa = PBXFrameworksBuildPhase;
			buildActionMask = 2147483647;
			files = (
			);
			runOnlyForDeploymentPostprocessing = 0;
		};
		1DFA3F722A39D888000661AF /* Frameworks */ = {
			isa = PBXFrameworksBuildPhase;
			buildActionMask = 2147483647;
			files = (
			);
			runOnlyForDeploymentPostprocessing = 0;
		};
		1DFA3F7C2A39D888000661AF /* Frameworks */ = {
			isa = PBXFrameworksBuildPhase;
			buildActionMask = 2147483647;
			files = (
			);
			runOnlyForDeploymentPostprocessing = 0;
		};
/* End PBXFrameworksBuildPhase section */

/* Begin PBXGroup section */
		1DE1628F2A475FB600AE4CCD /* Models */ = {
			isa = PBXGroup;
			children = (
				1DE162922A475FEA00AE4CCD /* AnimalSound.swift */,
				1DE162942A47602400AE4CCD /* AnimalCellModel.swift */,
				1DE162962A4760B100AE4CCD /* SoundManager.swift */,
			);
			path = Models;
			sourceTree = "<group>";
		};
		1DE162902A475FBC00AE4CCD /* Views */ = {
			isa = PBXGroup;
			children = (
			);
			path = Views;
			sourceTree = "<group>";
		};
		1DE162912A475FC100AE4CCD /* Controllers */ = {
			isa = PBXGroup;
			children = (
				1DFA3F662A39D886000661AF /* ViewController.swift */,
			);
			path = Controllers;
			sourceTree = "<group>";
		};
		1DFA3F562A39D886000661AF = {
			isa = PBXGroup;
			children = (
				1DFA3F612A39D886000661AF /* AnimalSoundboard */,
				1DFA3F782A39D888000661AF /* AnimalSoundboardTests */,
				1DFA3F822A39D888000661AF /* AnimalSoundboardUITests */,
				1DFA3F602A39D886000661AF /* Products */,
			);
			sourceTree = "<group>";
		};
		1DFA3F602A39D886000661AF /* Products */ = {
			isa = PBXGroup;
			children = (
				1DFA3F5F2A39D886000661AF /* AnimalSoundboard.app */,
				1DFA3F752A39D888000661AF /* AnimalSoundboardTests.xctest */,
				1DFA3F7F2A39D888000661AF /* AnimalSoundboardUITests.xctest */,
			);
			name = Products;
			sourceTree = "<group>";
		};
		1DFA3F612A39D886000661AF /* AnimalSoundboard */ = {
			isa = PBXGroup;
			children = (
				1DE162912A475FC100AE4CCD /* Controllers */,
				1DE162902A475FBC00AE4CCD /* Views */,
				1DE1628F2A475FB600AE4CCD /* Models */,
				1DFA3F622A39D886000661AF /* AppDelegate.swift */,
				1DFA3F642A39D886000661AF /* SceneDelegate.swift */,
				1DFA3F6B2A39D887000661AF /* Assets.xcassets */,
				1DFA3F6D2A39D887000661AF /* LaunchScreen.storyboard */,
				1DFA3F702A39D887000661AF /* Info.plist */,
			);
			path = AnimalSoundboard;
			sourceTree = "<group>";
		};
		1DFA3F782A39D888000661AF /* AnimalSoundboardTests */ = {
			isa = PBXGroup;
			children = (
				1DFA3F792A39D888000661AF /* AnimalSoundboardTests.swift */,
			);
			path = AnimalSoundboardTests;
			sourceTree = "<group>";
		};
		1DFA3F822A39D888000661AF /* AnimalSoundboardUITests */ = {
			isa = PBXGroup;
			children = (
				1DFA3F832A39D888000661AF /* AnimalSoundboardUITests.swift */,
				1DFA3F852A39D888000661AF /* AnimalSoundboardUITestsLaunchTests.swift */,
			);
			path = AnimalSoundboardUITests;
			sourceTree = "<group>";
		};
/* End PBXGroup section */

/* Begin PBXNativeTarget section */
		1DFA3F5E2A39D886000661AF /* AnimalSoundboard */ = {
			isa = PBXNativeTarget;
			buildConfigurationList = 1DFA3F892A39D888000661AF /* Build configuration list for PBXNativeTarget "AnimalSoundboard" */;
			buildPhases = (
				1DFA3F5B2A39D886000661AF /* Sources */,
				1DFA3F5C2A39D886000661AF /* Frameworks */,
				1DFA3F5D2A39D886000661AF /* Resources */,
			);
			buildRules = (
			);
			dependencies = (
			);
			name = AnimalSoundboard;
			productName = AnimalSoundboard;
			productReference = 1DFA3F5F2A39D886000661AF /* AnimalSoundboard.app */;
			productType = "com.apple.product-type.application";
		};
		1DFA3F742A39D888000661AF /* AnimalSoundboardTests */ = {
			isa = PBXNativeTarget;
			buildConfigurationList = 1DFA3F8C2A39D888000661AF /* Build configuration list for PBXNativeTarget "AnimalSoundboardTests" */;
			buildPhases = (
				1DFA3F712A39D888000661AF /* Sources */,
				1DFA3F722A39D888000661AF /* Frameworks */,
				1DFA3F732A39D888000661AF /* Resources */,
			);
			buildRules = (
			);
			dependencies = (
				1DFA3F772A39D888000661AF /* PBXTargetDependency */,
			);
			name = AnimalSoundboardTests;
			productName = AnimalSoundboardTests;
			productReference = 1DFA3F752A39D888000661AF /* AnimalSoundboardTests.xctest */;
			productType = "com.apple.product-type.bundle.unit-test";
		};
		1DFA3F7E2A39D888000661AF /* AnimalSoundboardUITests */ = {
			isa = PBXNativeTarget;
			buildConfigurationList = 1DFA3F8F2A39D888000661AF /* Build configuration list for PBXNativeTarget "AnimalSoundboardUITests" */;
			buildPhases = (
				1DFA3F7B2A39D888000661AF /* Sources */,
				1DFA3F7C2A39D888000661AF /* Frameworks */,
				1DFA3F7D2A39D888000661AF /* Resources */,
			);
			buildRules = (
			);
			dependencies = (
				1DFA3F812A39D888000661AF /* PBXTargetDependency */,
			);
			name = AnimalSoundboardUITests;
			productName = AnimalSoundboardUITests;
			productReference = 1DFA3F7F2A39D888000661AF /* AnimalSoundboardUITests.xctest */;
			productType = "com.apple.product-type.bundle.ui-testing";
		};
/* End PBXNativeTarget section */

/* Begin PBXProject section */
		1DFA3F572A39D886000661AF /* Project object */ = {
			isa = PBXProject;
			attributes = {
				BuildIndependentTargetsInParallel = 1;
				LastSwiftUpdateCheck = 1430;
				LastUpgradeCheck = 1430;
				TargetAttributes = {
					1DFA3F5E2A39D886000661AF = {
						CreatedOnToolsVersion = 14.3;
					};
					1DFA3F742A39D888000661AF = {
						CreatedOnToolsVersion = 14.3;
						TestTargetID = 1DFA3F5E2A39D886000661AF;
					};
					1DFA3F7E2A39D888000661AF = {
						CreatedOnToolsVersion = 14.3;
						TestTargetID = 1DFA3F5E2A39D886000661AF;
					};
				};
			};
			buildConfigurationList = 1DFA3F5A2A39D886000661AF /* Build configuration list for PBXProject "AnimalSoundboard" */;
			compatibilityVersion = "Xcode 14.0";
			developmentRegion = en;
			hasScannedForEncodings = 0;
			knownRegions = (
				en,
				Base,
			);
			mainGroup = 1DFA3F562A39D886000661AF;
			productRefGroup = 1DFA3F602A39D886000661AF /* Products */;
			projectDirPath = "";
			projectRoot = "";
			targets = (
				1DFA3F5E2A39D886000661AF /* AnimalSoundboard */,
				1DFA3F742A39D888000661AF /* AnimalSoundboardTests */,
				1DFA3F7E2A39D888000661AF /* AnimalSoundboardUITests */,
			);
		};
/* End PBXProject section */

/* Begin PBXResourcesBuildPhase section */
		1DFA3F5D2A39D886000661AF /* Resources */ = {
			isa = PBXResourcesBuildPhase;
			buildActionMask = 2147483647;
			files = (
				1DFA3F6F2A39D887000661AF /* LaunchScreen.storyboard in Resources */,
				1DFA3F6C2A39D887000661AF /* Assets.xcassets in Resources */,
			);
			runOnlyForDeploymentPostprocessing = 0;
		};
		1DFA3F732A39D888000661AF /* Resources */ = {
			isa = PBXResourcesBuildPhase;
			buildActionMask = 2147483647;
			files = (
			);
			runOnlyForDeploymentPostprocessing = 0;
		};
		1DFA3F7D2A39D888000661AF /* Resources */ = {
			isa = PBXResourcesBuildPhase;
			buildActionMask = 2147483647;
			files = (
			);
			runOnlyForDeploymentPostprocessing = 0;
		};
/* End PBXResourcesBuildPhase section */

/* Begin PBXSourcesBuildPhase section */
		1DFA3F5B2A39D886000661AF /* Sources */ = {
			isa = PBXSourcesBuildPhase;
			buildActionMask = 2147483647;
			files = (
				1DE162952A47602400AE4CCD /* AnimalCellModel.swift in Sources */,
				1DFA3F672A39D886000661AF /* ViewController.swift in Sources */,
				1DFA3F632A39D886000661AF /* AppDelegate.swift in Sources */,
				1DFA3F652A39D886000661AF /* SceneDelegate.swift in Sources */,
				1DE162972A4760B100AE4CCD /* SoundManager.swift in Sources */,
				1DE162932A475FEA00AE4CCD /* AnimalSound.swift in Sources */,
			);
			runOnlyForDeploymentPostprocessing = 0;
		};
		1DFA3F712A39D888000661AF /* Sources */ = {
			isa = PBXSourcesBuildPhase;
			buildActionMask = 2147483647;
			files = (
				1DFA3F7A2A39D888000661AF /* AnimalSoundboardTests.swift in Sources */,
			);
			runOnlyForDeploymentPostprocessing = 0;
		};
		1DFA3F7B2A39D888000661AF /* Sources */ = {
			isa = PBXSourcesBuildPhase;
			buildActionMask = 2147483647;
			files = (
				1DFA3F842A39D888000661AF /* AnimalSoundboardUITests.swift in Sources */,
				1DFA3F862A39D888000661AF /* AnimalSoundboardUITestsLaunchTests.swift in Sources */,
			);
			runOnlyForDeploymentPostprocessing = 0;
		};
/* End PBXSourcesBuildPhase section */

/* Begin PBXTargetDependency section */
		1DFA3F772A39D888000661AF /* PBXTargetDependency */ = {
			isa = PBXTargetDependency;
			target = 1DFA3F5E2A39D886000661AF /* AnimalSoundboard */;
			targetProxy = 1DFA3F762A39D888000661AF /* PBXContainerItemProxy */;
		};
		1DFA3F812A39D888000661AF /* PBXTargetDependency */ = {
			isa = PBXTargetDependency;
			target = 1DFA3F5E2A39D886000661AF /* AnimalSoundboard */;
			targetProxy = 1DFA3F802A39D888000661AF /* PBXContainerItemProxy */;
		};
/* End PBXTargetDependency section */

/* Begin PBXVariantGroup section */
		1DFA3F6D2A39D887000661AF /* LaunchScreen.storyboard */ = {
			isa = PBXVariantGroup;
			children = (
				1DFA3F6E2A39D887000661AF /* Base */,
			);
			name = LaunchScreen.storyboard;
			sourceTree = "<group>";
		};
/* End PBXVariantGroup section */

/* Begin XCBuildConfiguration section */
		1DFA3F872A39D888000661AF /* Debug */ = {
			isa = XCBuildConfiguration;
			buildSettings = {
				ALWAYS_SEARCH_USER_PATHS = NO;
				CLANG_ANALYZER_NONNULL = YES;
				CLANG_ANALYZER_NUMBER_OBJECT_CONVERSION = YES_AGGRESSIVE;
				CLANG_CXX_LANGUAGE_STANDARD = "gnu++20";
				CLANG_ENABLE_MODULES = YES;
				CLANG_ENABLE_OBJC_ARC = YES;
				CLANG_ENABLE_OBJC_WEAK = YES;
				CLANG_WARN_BLOCK_CAPTURE_AUTORELEASING = YES;
				CLANG_WARN_BOOL_CONVERSION = YES;
				CLANG_WARN_COMMA = YES;
				CLANG_WARN_CONSTANT_CONVERSION = YES;
				CLANG_WARN_DEPRECATED_OBJC_IMPLEMENTATIONS = YES;
				CLANG_WARN_DIRECT_OBJC_ISA_USAGE = YES_ERROR;
				CLANG_WARN_DOCUMENTATION_COMMENTS = YES;
				CLANG_WARN_EMPTY_BODY = YES;
				CLANG_WARN_ENUM_CONVERSION = YES;
				CLANG_WARN_INFINITE_RECURSION = YES;
				CLANG_WARN_INT_CONVERSION = YES;
				CLANG_WARN_NON_LITERAL_NULL_CONVERSION = YES;
				CLANG_WARN_OBJC_IMPLICIT_RETAIN_SELF = YES;
				CLANG_WARN_OBJC_LITERAL_CONVERSION = YES;
				CLANG_WARN_OBJC_ROOT_CLASS = YES_ERROR;
				CLANG_WARN_QUOTED_INCLUDE_IN_FRAMEWORK_HEADER = YES;
				CLANG_WARN_RANGE_LOOP_ANALYSIS = YES;
				CLANG_WARN_STRICT_PROTOTYPES = YES;
				CLANG_WARN_SUSPICIOUS_MOVE = YES;
				CLANG_WARN_UNGUARDED_AVAILABILITY = YES_AGGRESSIVE;
				CLANG_WARN_UNREACHABLE_CODE = YES;
				CLANG_WARN__DUPLICATE_METHOD_MATCH = YES;
				COPY_PHASE_STRIP = NO;
				DEBUG_INFORMATION_FORMAT = dwarf;
				ENABLE_STRICT_OBJC_MSGSEND = YES;
				ENABLE_TESTABILITY = YES;
				GCC_C_LANGUAGE_STANDARD = gnu11;
				GCC_DYNAMIC_NO_PIC = NO;
				GCC_NO_COMMON_BLOCKS = YES;
				GCC_OPTIMIZATION_LEVEL = 0;
				GCC_PREPROCESSOR_DEFINITIONS = (
					"DEBUG=1",
					"$(inherited)",
				);
				GCC_WARN_64_TO_32_BIT_CONVERSION = YES;
				GCC_WARN_ABOUT_RETURN_TYPE = YES_ERROR;
				GCC_WARN_UNDECLARED_SELECTOR = YES;
				GCC_WARN_UNINITIALIZED_AUTOS = YES_AGGRESSIVE;
				GCC_WARN_UNUSED_FUNCTION = YES;
				GCC_WARN_UNUSED_VARIABLE = YES;
				IPHONEOS_DEPLOYMENT_TARGET = 16.4;
				MTL_ENABLE_DEBUG_INFO = INCLUDE_SOURCE;
				MTL_FAST_MATH = YES;
				ONLY_ACTIVE_ARCH = YES;
				SDKROOT = iphoneos;
				SWIFT_ACTIVE_COMPILATION_CONDITIONS = DEBUG;
				SWIFT_OPTIMIZATION_LEVEL = "-Onone";
			};
			name = Debug;
		};
		1DFA3F882A39D888000661AF /* Release */ = {
			isa = XCBuildConfiguration;
			buildSettings = {
				ALWAYS_SEARCH_USER_PATHS = NO;
				CLANG_ANALYZER_NONNULL = YES;
				CLANG_ANALYZER_NUMBER_OBJECT_CONVERSION = YES_AGGRESSIVE;
				CLANG_CXX_LANGUAGE_STANDARD = "gnu++20";
				CLANG_ENABLE_MODULES = YES;
				CLANG_ENABLE_OBJC_ARC = YES;
				CLANG_ENABLE_OBJC_WEAK = YES;
				CLANG_WARN_BLOCK_CAPTURE_AUTORELEASING = YES;
				CLANG_WARN_BOOL_CONVERSION = YES;
				CLANG_WARN_COMMA = YES;
				CLANG_WARN_CONSTANT_CONVERSION = YES;
				CLANG_WARN_DEPRECATED_OBJC_IMPLEMENTATIONS = YES;
				CLANG_WARN_DIRECT_OBJC_ISA_USAGE = YES_ERROR;
				CLANG_WARN_DOCUMENTATION_COMMENTS = YES;
				CLANG_WARN_EMPTY_BODY = YES;
				CLANG_WARN_ENUM_CONVERSION = YES;
				CLANG_WARN_INFINITE_RECURSION = YES;
				CLANG_WARN_INT_CONVERSION = YES;
				CLANG_WARN_NON_LITERAL_NULL_CONVERSION = YES;
				CLANG_WARN_OBJC_IMPLICIT_RETAIN_SELF = YES;
				CLANG_WARN_OBJC_LITERAL_CONVERSION = YES;
				CLANG_WARN_OBJC_ROOT_CLASS = YES_ERROR;
				CLANG_WARN_QUOTED_INCLUDE_IN_FRAMEWORK_HEADER = YES;
				CLANG_WARN_RANGE_LOOP_ANALYSIS = YES;
				CLANG_WARN_STRICT_PROTOTYPES = YES;
				CLANG_WARN_SUSPICIOUS_MOVE = YES;
				CLANG_WARN_UNGUARDED_AVAILABILITY = YES_AGGRESSIVE;
				CLANG_WARN_UNREACHABLE_CODE = YES;
				CLANG_WARN__DUPLICATE_METHOD_MATCH = YES;
				COPY_PHASE_STRIP = NO;
				DEBUG_INFORMATION_FORMAT = "dwarf-with-dsym";
				ENABLE_NS_ASSERTIONS = NO;
				ENABLE_STRICT_OBJC_MSGSEND = YES;
				GCC_C_LANGUAGE_STANDARD = gnu11;
				GCC_NO_COMMON_BLOCKS = YES;
				GCC_WARN_64_TO_32_BIT_CONVERSION = YES;
				GCC_WARN_ABOUT_RETURN_TYPE = YES_ERROR;
				GCC_WARN_UNDECLARED_SELECTOR = YES;
				GCC_WARN_UNINITIALIZED_AUTOS = YES_AGGRESSIVE;
				GCC_WARN_UNUSED_FUNCTION = YES;
				GCC_WARN_UNUSED_VARIABLE = YES;
				IPHONEOS_DEPLOYMENT_TARGET = 16.4;
				MTL_ENABLE_DEBUG_INFO = NO;
				MTL_FAST_MATH = YES;
				SDKROOT = iphoneos;
				SWIFT_COMPILATION_MODE = wholemodule;
				SWIFT_OPTIMIZATION_LEVEL = "-O";
				VALIDATE_PRODUCT = YES;
			};
			name = Release;
		};
		1DFA3F8A2A39D888000661AF /* Debug */ = {
			isa = XCBuildConfiguration;
			buildSettings = {
				ASSETCATALOG_COMPILER_APPICON_NAME = AppIcon;
				ASSETCATALOG_COMPILER_GLOBAL_ACCENT_COLOR_NAME = AccentColor;
				CODE_SIGN_STYLE = Automatic;
				CURRENT_PROJECT_VERSION = 1;
				DEVELOPMENT_TEAM = M7U7W788LH;
				GENERATE_INFOPLIST_FILE = YES;
				INFOPLIST_FILE = AnimalSoundboard/Info.plist;
				INFOPLIST_KEY_UIApplicationSupportsIndirectInputEvents = YES;
				INFOPLIST_KEY_UILaunchStoryboardName = LaunchScreen;
				INFOPLIST_KEY_UISupportedInterfaceOrientations = "UIInterfaceOrientationPortrait UIInterfaceOrientationPortraitUpsideDown";
				LD_RUNPATH_SEARCH_PATHS = (
					"$(inherited)",
					"@executable_path/Frameworks",
				);
				MARKETING_VERSION = 1.0;
				PRODUCT_BUNDLE_IDENTIFIER = andanylo.AnimalSoundboard;
				PRODUCT_NAME = "$(TARGET_NAME)";
				SWIFT_EMIT_LOC_STRINGS = YES;
				SWIFT_VERSION = 5.0;
				TARGETED_DEVICE_FAMILY = "1,2";
			};
			name = Debug;
		};
		1DFA3F8B2A39D888000661AF /* Release */ = {
			isa = XCBuildConfiguration;
			buildSettings = {
				ASSETCATALOG_COMPILER_APPICON_NAME = AppIcon;
				ASSETCATALOG_COMPILER_GLOBAL_ACCENT_COLOR_NAME = AccentColor;
				CODE_SIGN_STYLE = Automatic;
				CURRENT_PROJECT_VERSION = 1;
				DEVELOPMENT_TEAM = M7U7W788LH;
				GENERATE_INFOPLIST_FILE = YES;
				INFOPLIST_FILE = AnimalSoundboard/Info.plist;
				INFOPLIST_KEY_UIApplicationSupportsIndirectInputEvents = YES;
				INFOPLIST_KEY_UILaunchStoryboardName = LaunchScreen;
				INFOPLIST_KEY_UISupportedInterfaceOrientations = "UIInterfaceOrientationPortrait UIInterfaceOrientationPortraitUpsideDown";
				LD_RUNPATH_SEARCH_PATHS = (
					"$(inherited)",
					"@executable_path/Frameworks",
				);
				MARKETING_VERSION = 1.0;
				PRODUCT_BUNDLE_IDENTIFIER = andanylo.AnimalSoundboard;
				PRODUCT_NAME = "$(TARGET_NAME)";
				SWIFT_EMIT_LOC_STRINGS = YES;
				SWIFT_VERSION = 5.0;
				TARGETED_DEVICE_FAMILY = "1,2";
			};
			name = Release;
		};
		1DFA3F8D2A39D888000661AF /* Debug */ = {
			isa = XCBuildConfiguration;
			buildSettings = {
				ALWAYS_EMBED_SWIFT_STANDARD_LIBRARIES = YES;
				BUNDLE_LOADER = "$(TEST_HOST)";
				CODE_SIGN_STYLE = Automatic;
				CURRENT_PROJECT_VERSION = 1;
				DEVELOPMENT_TEAM = M7U7W788LH;
				GENERATE_INFOPLIST_FILE = YES;
				IPHONEOS_DEPLOYMENT_TARGET = 16.4;
				MARKETING_VERSION = 1.0;
				PRODUCT_BUNDLE_IDENTIFIER = andanylo.AnimalSoundboardTests;
				PRODUCT_NAME = "$(TARGET_NAME)";
				SWIFT_EMIT_LOC_STRINGS = NO;
				SWIFT_VERSION = 5.0;
				TARGETED_DEVICE_FAMILY = "1,2";
				TEST_HOST = "$(BUILT_PRODUCTS_DIR)/AnimalSoundboard.app/$(BUNDLE_EXECUTABLE_FOLDER_PATH)/AnimalSoundboard";
			};
			name = Debug;
		};
		1DFA3F8E2A39D888000661AF /* Release */ = {
			isa = XCBuildConfiguration;
			buildSettings = {
				ALWAYS_EMBED_SWIFT_STANDARD_LIBRARIES = YES;
				BUNDLE_LOADER = "$(TEST_HOST)";
				CODE_SIGN_STYLE = Automatic;
				CURRENT_PROJECT_VERSION = 1;
				DEVELOPMENT_TEAM = M7U7W788LH;
				GENERATE_INFOPLIST_FILE = YES;
				IPHONEOS_DEPLOYMENT_TARGET = 16.4;
				MARKETING_VERSION = 1.0;
				PRODUCT_BUNDLE_IDENTIFIER = andanylo.AnimalSoundboardTests;
				PRODUCT_NAME = "$(TARGET_NAME)";
				SWIFT_EMIT_LOC_STRINGS = NO;
				SWIFT_VERSION = 5.0;
				TARGETED_DEVICE_FAMILY = "1,2";
				TEST_HOST = "$(BUILT_PRODUCTS_DIR)/AnimalSoundboard.app/$(BUNDLE_EXECUTABLE_FOLDER_PATH)/AnimalSoundboard";
			};
			name = Release;
		};
		1DFA3F902A39D888000661AF /* Debug */ = {
			isa = XCBuildConfiguration;
			buildSettings = {
				ALWAYS_EMBED_SWIFT_STANDARD_LIBRARIES = YES;
				CODE_SIGN_STYLE = Automatic;
				CURRENT_PROJECT_VERSION = 1;
				DEVELOPMENT_TEAM = M7U7W788LH;
				GENERATE_INFOPLIST_FILE = YES;
				MARKETING_VERSION = 1.0;
				PRODUCT_BUNDLE_IDENTIFIER = andanylo.AnimalSoundboardUITests;
				PRODUCT_NAME = "$(TARGET_NAME)";
				SWIFT_EMIT_LOC_STRINGS = NO;
				SWIFT_VERSION = 5.0;
				TARGETED_DEVICE_FAMILY = "1,2";
				TEST_TARGET_NAME = AnimalSoundboard;
			};
			name = Debug;
		};
		1DFA3F912A39D888000661AF /* Release */ = {
			isa = XCBuildConfiguration;
			buildSettings = {
				ALWAYS_EMBED_SWIFT_STANDARD_LIBRARIES = YES;
				CODE_SIGN_STYLE = Automatic;
				CURRENT_PROJECT_VERSION = 1;
				DEVELOPMENT_TEAM = M7U7W788LH;
				GENERATE_INFOPLIST_FILE = YES;
				MARKETING_VERSION = 1.0;
				PRODUCT_BUNDLE_IDENTIFIER = andanylo.AnimalSoundboardUITests;
				PRODUCT_NAME = "$(TARGET_NAME)";
				SWIFT_EMIT_LOC_STRINGS = NO;
				SWIFT_VERSION = 5.0;
				TARGETED_DEVICE_FAMILY = "1,2";
				TEST_TARGET_NAME = AnimalSoundboard;
			};
			name = Release;
		};
/* End XCBuildConfiguration section */

/* Begin XCConfigurationList section */
		1DFA3F5A2A39D886000661AF /* Build configuration list for PBXProject "AnimalSoundboard" */ = {
			isa = XCConfigurationList;
			buildConfigurations = (
				1DFA3F872A39D888000661AF /* Debug */,
				1DFA3F882A39D888000661AF /* Release */,
			);
			defaultConfigurationIsVisible = 0;
			defaultConfigurationName = Release;
		};
		1DFA3F892A39D888000661AF /* Build configuration list for PBXNativeTarget "AnimalSoundboard" */ = {
			isa = XCConfigurationList;
			buildConfigurations = (
				1DFA3F8A2A39D888000661AF /* Debug */,
				1DFA3F8B2A39D888000661AF /* Release */,
			);
			defaultConfigurationIsVisible = 0;
			defaultConfigurationName = Release;
		};
		1DFA3F8C2A39D888000661AF /* Build configuration list for PBXNativeTarget "AnimalSoundboardTests" */ = {
			isa = XCConfigurationList;
			buildConfigurations = (
				1DFA3F8D2A39D888000661AF /* Debug */,
				1DFA3F8E2A39D888000661AF /* Release */,
			);
			defaultConfigurationIsVisible = 0;
			defaultConfigurationName = Release;
		};
		1DFA3F8F2A39D888000661AF /* Build configuration list for PBXNativeTarget "AnimalSoundboardUITests" */ = {
			isa = XCConfigurationList;
			buildConfigurations = (
				1DFA3F902A39D888000661AF /* Debug */,
				1DFA3F912A39D888000661AF /* Release */,
			);
			defaultConfigurationIsVisible = 0;
			defaultConfigurationName = Release;
		};
/* End XCConfigurationList section */
	};
	rootObject = 1DFA3F572A39D886000661AF /* Project object */;
}
